// !$*UTF8*$!
{
	archiveVersion = 1;
	classes = {
	};
	objectVersion = 51;
	objects = {

/* Begin PBXBuildFile section */
		6A1498222342319F0047BD63 /* ConnectionIndicatorController.swift in Sources */ = {isa = PBXBuildFile; fileRef = 6A1498212342319F0047BD63 /* ConnectionIndicatorController.swift */; };
		6A149824234234310047BD63 /* ConnectionIndicatorView.swift in Sources */ = {isa = PBXBuildFile; fileRef = 6A149823234234310047BD63 /* ConnectionIndicatorView.swift */; };
		6A38091124D1C3B100104A83 /* CoreServices.framework in Frameworks */ = {isa = PBXBuildFile; fileRef = 7C4993ED213EB4DC00778429 /* CoreServices.framework */; };
		6A3D339F2386AFA400E2537A /* BackgroundTask.swift in Sources */ = {isa = PBXBuildFile; fileRef = 6A3D339E2386AFA400E2537A /* BackgroundTask.swift */; };
		6A86D5B023A9227900371F52 /* AdPicTableViewCell.swift in Sources */ = {isa = PBXBuildFile; fileRef = 6A86D5AF23A9227900371F52 /* AdPicTableViewCell.swift */; };
		6A87341E2383447300327EC2 /* VideoItemEntity.swift in Sources */ = {isa = PBXBuildFile; fileRef = 7CBB8E70219C29E400560397 /* VideoItemEntity.swift */; };
		7C06CB722108923300FEEB52 /* DictModel.swift in Sources */ = {isa = PBXBuildFile; fileRef = 7C06CB712108923300FEEB52 /* DictModel.swift */; };
		7C06CB762108928000FEEB52 /* DictionaryCoordinator.swift in Sources */ = {isa = PBXBuildFile; fileRef = 7C06CB752108928000FEEB52 /* DictionaryCoordinator.swift */; };
		7C16D3632199E09C00217626 /* AppAnalytics.swift in Sources */ = {isa = PBXBuildFile; fileRef = 7C16D3622199E09C00217626 /* AppAnalytics.swift */; };
		7C1CD34A21443962006CF4C6 /* VideosCoordinator.swift in Sources */ = {isa = PBXBuildFile; fileRef = 7C1CD34921443962006CF4C6 /* VideosCoordinator.swift */; };
		7C1CD34C2144397D006CF4C6 /* VideosViewController.swift in Sources */ = {isa = PBXBuildFile; fileRef = 7C1CD34B2144397D006CF4C6 /* VideosViewController.swift */; };
		7C1CD34E214448DA006CF4C6 /* VideoItemViewModel.swift in Sources */ = {isa = PBXBuildFile; fileRef = 7C1CD34D214448DA006CF4C6 /* VideoItemViewModel.swift */; };
		7C1CD35221444D0D006CF4C6 /* Client.swift in Sources */ = {isa = PBXBuildFile; fileRef = 7C1CD35121444D0D006CF4C6 /* Client.swift */; };
		7C3FFA9B2286F90B00EDF2BC /* WebItemViewController.swift in Sources */ = {isa = PBXBuildFile; fileRef = 7C3FFA9A2286F90B00EDF2BC /* WebItemViewController.swift */; };
		7C3FFA9D2286FB9000EDF2BC /* NewsItemTableViewCell.swift in Sources */ = {isa = PBXBuildFile; fileRef = 7C3FFA9C2286FB9000EDF2BC /* NewsItemTableViewCell.swift */; };
		7C3FFA9F2289B4DA00EDF2BC /* NewsViewModel.swift in Sources */ = {isa = PBXBuildFile; fileRef = 7C3FFA9E2289B4DA00EDF2BC /* NewsViewModel.swift */; };
		7C424CCC21088DED00D20563 /* SystemConfiguration.framework in Frameworks */ = {isa = PBXBuildFile; fileRef = 7C424CCB21088DED00D20563 /* SystemConfiguration.framework */; };
		7C424CCE21088DF300D20563 /* Speech.framework in Frameworks */ = {isa = PBXBuildFile; fileRef = 7C424CCD21088DF300D20563 /* Speech.framework */; settings = {ATTRIBUTES = (Weak, ); }; };
		7C424CD021088DFA00D20563 /* AVFoundation.framework in Frameworks */ = {isa = PBXBuildFile; fileRef = 7C424CCF21088DFA00D20563 /* AVFoundation.framework */; };
		7C424CD221088E0100D20563 /* AudioToolbox.framework in Frameworks */ = {isa = PBXBuildFile; fileRef = 7C424CD121088E0100D20563 /* AudioToolbox.framework */; };
		7C4993EB213EACE900778429 /* UserActivityFabric.swift in Sources */ = {isa = PBXBuildFile; fileRef = 7C4993EA213EACE800778429 /* UserActivityFabric.swift */; };
		7C4993EE213EB4DC00778429 /* CoreServices.framework in Frameworks */ = {isa = PBXBuildFile; fileRef = 7C4993ED213EB4DC00778429 /* CoreServices.framework */; };
		7C4993F0213EB4E300778429 /* CoreSpotlight.framework in Frameworks */ = {isa = PBXBuildFile; fileRef = 7C4993EF213EB4E300778429 /* CoreSpotlight.framework */; };
		7C4993F2213EBC0B00778429 /* SpotlightIndexer.swift in Sources */ = {isa = PBXBuildFile; fileRef = 7C4993F1213EBC0B00778429 /* SpotlightIndexer.swift */; };
		7C4B70762141830F00BC03C3 /* NewsCoordinator.swift in Sources */ = {isa = PBXBuildFile; fileRef = 7C4B70752141830F00BC03C3 /* NewsCoordinator.swift */; };
		7C4B70782141835700BC03C3 /* NewsViewController.swift in Sources */ = {isa = PBXBuildFile; fileRef = 7C4B70772141835700BC03C3 /* NewsViewController.swift */; };
		7C5337912124371000465EF1 /* String+ImageName.swift in Sources */ = {isa = PBXBuildFile; fileRef = 7C5337902124371000465EF1 /* String+ImageName.swift */; };
		7C53379321243A9000465EF1 /* ScrollManager.swift in Sources */ = {isa = PBXBuildFile; fileRef = 7C53379221243A9000465EF1 /* ScrollManager.swift */; };
		7C5BD3AD219EE31400337340 /* NewsSource.swift in Sources */ = {isa = PBXBuildFile; fileRef = 7C5BD3AC219EE31400337340 /* NewsSource.swift */; };
		7C5D0048210889060025EF47 /* AppDelegate.swift in Sources */ = {isa = PBXBuildFile; fileRef = 7C5D0047210889060025EF47 /* AppDelegate.swift */; };
		7C5D004A210889060025EF47 /* DictionaryViewController.swift in Sources */ = {isa = PBXBuildFile; fileRef = 7C5D0049210889060025EF47 /* DictionaryViewController.swift */; };
		7C5D004C210889060025EF47 /* PhotoViewController.swift in Sources */ = {isa = PBXBuildFile; fileRef = 7C5D004B210889060025EF47 /* PhotoViewController.swift */; };
		7C5D004F210889060025EF47 /* Main.storyboard in Resources */ = {isa = PBXBuildFile; fileRef = 7C5D004D210889060025EF47 /* Main.storyboard */; };
		7C5D0054210889080025EF47 /* LaunchScreen.storyboard in Resources */ = {isa = PBXBuildFile; fileRef = 7C5D0052210889080025EF47 /* LaunchScreen.storyboard */; };
		7C5D005F210889080025EF47 /* corruDictTests.swift in Sources */ = {isa = PBXBuildFile; fileRef = 7C5D005E210889080025EF47 /* corruDictTests.swift */; };
		7C5D73E0216658BA0022ABBC /* DictionaryNavViewController.swift in Sources */ = {isa = PBXBuildFile; fileRef = 7C5D73DF216658BA0022ABBC /* DictionaryNavViewController.swift */; };
		7C5D73EF2167705A0022ABBC /* Assets.xcassets in Resources */ = {isa = PBXBuildFile; fileRef = 7C5D73EE2167705A0022ABBC /* Assets.xcassets */; };
		7C5D73F22167737F0022ABBC /* BoardCoordinator.swift in Sources */ = {isa = PBXBuildFile; fileRef = 7C5D73F12167737F0022ABBC /* BoardCoordinator.swift */; };
		7C5D73F4216774110022ABBC /* BoardViewController.swift in Sources */ = {isa = PBXBuildFile; fileRef = 7C5D73F3216774110022ABBC /* BoardViewController.swift */; };
		7C72D111211EF27B00CDAD47 /* PageViewCoordinator.swift in Sources */ = {isa = PBXBuildFile; fileRef = 7C72D110211EF27B00CDAD47 /* PageViewCoordinator.swift */; };
		7C73FDD02285713200DE4AE2 /* SelectionPopoverViewController.swift in Sources */ = {isa = PBXBuildFile; fileRef = 7C73FDCF2285713200DE4AE2 /* SelectionPopoverViewController.swift */; };
		7C73FDD22285715200DE4AE2 /* SelectionPopoverViewModel.swift in Sources */ = {isa = PBXBuildFile; fileRef = 7C73FDD12285715200DE4AE2 /* SelectionPopoverViewModel.swift */; };
		7C73FDDA2285734200DE4AE2 /* SelectViewController.m in Sources */ = {isa = PBXBuildFile; fileRef = 7C73FDD42285734200DE4AE2 /* SelectViewController.m */; };
		7C73FDDB2285734200DE4AE2 /* PopoverBackgroundView.m in Sources */ = {isa = PBXBuildFile; fileRef = 7C73FDD52285734200DE4AE2 /* PopoverBackgroundView.m */; };
		7C73FDDC2285734200DE4AE2 /* PopupViewController.m in Sources */ = {isa = PBXBuildFile; fileRef = 7C73FDD62285734200DE4AE2 /* PopupViewController.m */; };
		7C73FDDF2285ABEF00DE4AE2 /* DictionaryViewModel.swift in Sources */ = {isa = PBXBuildFile; fileRef = 7C73FDDE2285ABEF00DE4AE2 /* DictionaryViewModel.swift */; };
		7C82620C22A18E260067D653 /* UIStoryboard+Main.swift in Sources */ = {isa = PBXBuildFile; fileRef = 7C82620B22A18E260067D653 /* UIStoryboard+Main.swift */; };
		7C8EC17321281A80000499C9 /* TotalLabelViewModel.swift in Sources */ = {isa = PBXBuildFile; fileRef = 7C8EC17221281A80000499C9 /* TotalLabelViewModel.swift */; };
		7C8EC17521282F8D000499C9 /* CoordinatorProtocol.swift in Sources */ = {isa = PBXBuildFile; fileRef = 7C8EC17421282F8D000499C9 /* CoordinatorProtocol.swift */; };
		7C8EC177212840AF000499C9 /* PageViewControllerObserver.swift in Sources */ = {isa = PBXBuildFile; fileRef = 7C8EC176212840AF000499C9 /* PageViewControllerObserver.swift */; };
		7C8EC17B2128577C000499C9 /* images in Resources */ = {isa = PBXBuildFile; fileRef = 7C8EC17A2128577C000499C9 /* images */; };
		7C954173211CC9AE00CDD270 /* ImageProvider.swift in Sources */ = {isa = PBXBuildFile; fileRef = 7C954172211CC9AE00CDD270 /* ImageProvider.swift */; };
		7C978F78211F101F00D1B165 /* Appearance.swift in Sources */ = {isa = PBXBuildFile; fileRef = 7C978F77211F101F00D1B165 /* Appearance.swift */; };
		7CA4F64D210C58410094C5B0 /* DetailViewModel.swift in Sources */ = {isa = PBXBuildFile; fileRef = 7CA4F64C210C58410094C5B0 /* DetailViewModel.swift */; };
		7CAB489821271EA6003F97DA /* DetailViewController.swift in Sources */ = {isa = PBXBuildFile; fileRef = 7CAB489721271EA6003F97DA /* DetailViewController.swift */; };
		7CBB8E6D219C18E600560397 /* GoogleService-Info.plist in Resources */ = {isa = PBXBuildFile; fileRef = 7CBB8E6C219C18E600560397 /* GoogleService-Info.plist */; };
		7CBB8E6F219C293800560397 /* VideoSource.swift in Sources */ = {isa = PBXBuildFile; fileRef = 7CBB8E6E219C293800560397 /* VideoSource.swift */; };
		7CC81CFE212867FB004D555E /* SpeechSynth.swift in Sources */ = {isa = PBXBuildFile; fileRef = 7CC81CFD212867FB004D555E /* SpeechSynth.swift */; };
		7CC81D0021286D24004D555E /* AudioSession.swift in Sources */ = {isa = PBXBuildFile; fileRef = 7CC81CFF21286D24004D555E /* AudioSession.swift */; };
		7CD7ADF92127EAAE009D3B4A /* Settings.swift in Sources */ = {isa = PBXBuildFile; fileRef = 7CD7ADF82127EAAE009D3B4A /* Settings.swift */; };
		7CD7ADFB2127FCEC009D3B4A /* SwapLangViewModel.swift in Sources */ = {isa = PBXBuildFile; fileRef = 7CD7ADFA2127FCEC009D3B4A /* SwapLangViewModel.swift */; };
		7CD7ADFD2127FF1C009D3B4A /* ListViewControllerFinder.swift in Sources */ = {isa = PBXBuildFile; fileRef = 7CD7ADFC2127FF1C009D3B4A /* ListViewControllerFinder.swift */; };
		7CDC372C2116206C008B774C /* PageViewController.swift in Sources */ = {isa = PBXBuildFile; fileRef = 7CDC372B2116206C008B774C /* PageViewController.swift */; };
		7CDC372E211620CD008B774C /* PageViewDatasource.swift in Sources */ = {isa = PBXBuildFile; fileRef = 7CDC372D211620CD008B774C /* PageViewDatasource.swift */; };
		7CDD61C32141797F000E864D /* AppTabCoordinator.swift in Sources */ = {isa = PBXBuildFile; fileRef = 7CDD61C22141797F000E864D /* AppTabCoordinator.swift */; };
		7CDD61C521417A2E000E864D /* AppTabBarController.swift in Sources */ = {isa = PBXBuildFile; fileRef = 7CDD61C421417A2E000E864D /* AppTabBarController.swift */; };
		7CDE18C422833469004D6964 /* LanguageModel.swift in Sources */ = {isa = PBXBuildFile; fileRef = 7CDE18C322833469004D6964 /* LanguageModel.swift */; };
		7CDE18C622844744004D6964 /* DictionaryEntryTableViewCell.swift in Sources */ = {isa = PBXBuildFile; fileRef = 7CDE18C522844744004D6964 /* DictionaryEntryTableViewCell.swift */; };
		7CE03234210B83A1001C9D78 /* DictionaryTableDataSource.swift in Sources */ = {isa = PBXBuildFile; fileRef = 7CE03233210B83A1001C9D78 /* DictionaryTableDataSource.swift */; };
		7CEABAD0215F56F80011BB55 /* VideoTableViewModel.swift in Sources */ = {isa = PBXBuildFile; fileRef = 7CEABACF215F56F80011BB55 /* VideoTableViewModel.swift */; };
		7CEABAD2215F57B70011BB55 /* VideoItemTableViewCell.swift in Sources */ = {isa = PBXBuildFile; fileRef = 7CEABAD1215F57B70011BB55 /* VideoItemTableViewCell.swift */; };
		7CEABAD5215F7A530011BB55 /* FloatingHeaderPresenter.swift in Sources */ = {isa = PBXBuildFile; fileRef = 7CEABAD3215F70810011BB55 /* FloatingHeaderPresenter.swift */; };
		7CEDBF97210BAF360087FEB5 /* Media.xcassets in Resources */ = {isa = PBXBuildFile; fileRef = 7CEDBF96210BAF360087FEB5 /* Media.xcassets */; };
		7CF3B463211EEA1F00CFDFFF /* PhotoViewModel.swift in Sources */ = {isa = PBXBuildFile; fileRef = 7CF3B462211EEA1F00CFDFFF /* PhotoViewModel.swift */; };
		7CFFDEB3219D827D006EEB47 /* BaseFeatureViewController.swift in Sources */ = {isa = PBXBuildFile; fileRef = 7CFFDEB2219D827D006EEB47 /* BaseFeatureViewController.swift */; };
		7CFFDEB5219D83B5006EEB47 /* BaseFeatureCoordinator.swift in Sources */ = {isa = PBXBuildFile; fileRef = 7CFFDEB4219D83B5006EEB47 /* BaseFeatureCoordinator.swift */; };
		7CFFDEB8219D8894006EEB47 /* ShareViewController.swift in Sources */ = {isa = PBXBuildFile; fileRef = 7CFFDEB7219D8894006EEB47 /* ShareViewController.swift */; };
		8421AFBF263A8F9D00644179 /* Network.swift in Sources */ = {isa = PBXBuildFile; fileRef = 8421AFBE263A8F9D00644179 /* Network.swift */; };
		9B32C2F9076AF448DCD672F7 /* Pods_CorrugaTests.framework in Frameworks */ = {isa = PBXBuildFile; fileRef = A2160B0E9EA4633C1557DB68 /* Pods_CorrugaTests.framework */; };
		DC7508341CADBBE31D160072 /* Pods_Corruga.framework in Frameworks */ = {isa = PBXBuildFile; fileRef = F05FA882528DA78405BF5054 /* Pods_Corruga.framework */; };
/* End PBXBuildFile section */

/* Begin PBXContainerItemProxy section */
		7C5D005B210889080025EF47 /* PBXContainerItemProxy */ = {
			isa = PBXContainerItemProxy;
			containerPortal = 7C5D003C210889060025EF47 /* Project object */;
			proxyType = 1;
			remoteGlobalIDString = 7C5D0043210889060025EF47;
			remoteInfo = corruDict;
		};
/* End PBXContainerItemProxy section */

/* Begin PBXFileReference section */
		306A93973DE71D1A5FEBF77B /* Pods-Corruga.debug.xcconfig */ = {isa = PBXFileReference; includeInIndex = 1; lastKnownFileType = text.xcconfig; name = "Pods-Corruga.debug.xcconfig"; path = "Pods/Target Support Files/Pods-Corruga/Pods-Corruga.debug.xcconfig"; sourceTree = "<group>"; };
		4418B3CE00B3E53837CACDB2 /* Pods-CorrugaTests.debug.xcconfig */ = {isa = PBXFileReference; includeInIndex = 1; lastKnownFileType = text.xcconfig; name = "Pods-CorrugaTests.debug.xcconfig"; path = "Pods/Target Support Files/Pods-CorrugaTests/Pods-CorrugaTests.debug.xcconfig"; sourceTree = "<group>"; };
		646D76864E764D8B56345ACD /* Pods-CorrugaTests.release.xcconfig */ = {isa = PBXFileReference; includeInIndex = 1; lastKnownFileType = text.xcconfig; name = "Pods-CorrugaTests.release.xcconfig"; path = "Pods/Target Support Files/Pods-CorrugaTests/Pods-CorrugaTests.release.xcconfig"; sourceTree = "<group>"; };
		6A1498212342319F0047BD63 /* ConnectionIndicatorController.swift */ = {isa = PBXFileReference; lastKnownFileType = sourcecode.swift; path = ConnectionIndicatorController.swift; sourceTree = "<group>"; };
		6A149823234234310047BD63 /* ConnectionIndicatorView.swift */ = {isa = PBXFileReference; lastKnownFileType = sourcecode.swift; path = ConnectionIndicatorView.swift; sourceTree = "<group>"; };
		6A3D339E2386AFA400E2537A /* BackgroundTask.swift */ = {isa = PBXFileReference; lastKnownFileType = sourcecode.swift; path = BackgroundTask.swift; sourceTree = "<group>"; };
		6A86D5AF23A9227900371F52 /* AdPicTableViewCell.swift */ = {isa = PBXFileReference; lastKnownFileType = sourcecode.swift; path = AdPicTableViewCell.swift; sourceTree = "<group>"; };
		7C06CB712108923300FEEB52 /* DictModel.swift */ = {isa = PBXFileReference; lastKnownFileType = sourcecode.swift; path = DictModel.swift; sourceTree = "<group>"; };
		7C06CB732108925800FEEB52 /* SpeechManager.swift */ = {isa = PBXFileReference; lastKnownFileType = sourcecode.swift; path = SpeechManager.swift; sourceTree = "<group>"; };
		7C06CB752108928000FEEB52 /* DictionaryCoordinator.swift */ = {isa = PBXFileReference; lastKnownFileType = sourcecode.swift; path = DictionaryCoordinator.swift; sourceTree = "<group>"; };
		7C15EB60210B7A1300C304AC /* Entry.swift */ = {isa = PBXFileReference; fileEncoding = 4; lastKnownFileType = sourcecode.swift; path = Entry.swift; sourceTree = "<group>"; };
		7C15EB61210B7A1300C304AC /* Storage.swift */ = {isa = PBXFileReference; fileEncoding = 4; lastKnownFileType = sourcecode.swift; path = Storage.swift; sourceTree = "<group>"; };
		7C16D3622199E09C00217626 /* AppAnalytics.swift */ = {isa = PBXFileReference; lastKnownFileType = sourcecode.swift; path = AppAnalytics.swift; sourceTree = "<group>"; };
		7C1CD34921443962006CF4C6 /* VideosCoordinator.swift */ = {isa = PBXFileReference; lastKnownFileType = sourcecode.swift; path = VideosCoordinator.swift; sourceTree = "<group>"; };
		7C1CD34B2144397D006CF4C6 /* VideosViewController.swift */ = {isa = PBXFileReference; lastKnownFileType = sourcecode.swift; path = VideosViewController.swift; sourceTree = "<group>"; };
		7C1CD34D214448DA006CF4C6 /* VideoItemViewModel.swift */ = {isa = PBXFileReference; lastKnownFileType = sourcecode.swift; path = VideoItemViewModel.swift; sourceTree = "<group>"; };
		7C1CD34F21444A4A006CF4C6 /* VideosDataSource.swift */ = {isa = PBXFileReference; lastKnownFileType = sourcecode.swift; path = VideosDataSource.swift; sourceTree = "<group>"; };
		7C1CD35121444D0D006CF4C6 /* Client.swift */ = {isa = PBXFileReference; lastKnownFileType = sourcecode.swift; path = Client.swift; sourceTree = "<group>"; };
		7C29C930212722B200D22D66 /* KeyboardPositionObserver.swift */ = {isa = PBXFileReference; lastKnownFileType = sourcecode.swift; path = KeyboardPositionObserver.swift; sourceTree = "<group>"; };
		7C3A11762115C7B100FB96A1 /* LanguageStorage.swift */ = {isa = PBXFileReference; fileEncoding = 4; lastKnownFileType = sourcecode.swift; path = LanguageStorage.swift; sourceTree = "<group>"; };
		7C3A11772115C7B100FB96A1 /* TermEntity.swift */ = {isa = PBXFileReference; fileEncoding = 4; lastKnownFileType = sourcecode.swift; path = TermEntity.swift; sourceTree = "<group>"; };
		7C3A11782115C7B100FB96A1 /* TranslationEntity.swift */ = {isa = PBXFileReference; fileEncoding = 4; lastKnownFileType = sourcecode.swift; path = TranslationEntity.swift; sourceTree = "<group>"; };
		7C3FFA9A2286F90B00EDF2BC /* WebItemViewController.swift */ = {isa = PBXFileReference; lastKnownFileType = sourcecode.swift; path = WebItemViewController.swift; sourceTree = "<group>"; };
		7C3FFA9C2286FB9000EDF2BC /* NewsItemTableViewCell.swift */ = {isa = PBXFileReference; lastKnownFileType = sourcecode.swift; path = NewsItemTableViewCell.swift; sourceTree = "<group>"; };
		7C3FFA9E2289B4DA00EDF2BC /* NewsViewModel.swift */ = {isa = PBXFileReference; lastKnownFileType = sourcecode.swift; path = NewsViewModel.swift; sourceTree = "<group>"; };
		7C424CCB21088DED00D20563 /* SystemConfiguration.framework */ = {isa = PBXFileReference; lastKnownFileType = wrapper.framework; name = SystemConfiguration.framework; path = System/Library/Frameworks/SystemConfiguration.framework; sourceTree = SDKROOT; };
		7C424CCD21088DF300D20563 /* Speech.framework */ = {isa = PBXFileReference; lastKnownFileType = wrapper.framework; name = Speech.framework; path = System/Library/Frameworks/Speech.framework; sourceTree = SDKROOT; };
		7C424CCF21088DFA00D20563 /* AVFoundation.framework */ = {isa = PBXFileReference; lastKnownFileType = wrapper.framework; name = AVFoundation.framework; path = System/Library/Frameworks/AVFoundation.framework; sourceTree = SDKROOT; };
		7C424CD121088E0100D20563 /* AudioToolbox.framework */ = {isa = PBXFileReference; lastKnownFileType = wrapper.framework; name = AudioToolbox.framework; path = System/Library/Frameworks/AudioToolbox.framework; sourceTree = SDKROOT; };
		7C4993EA213EACE800778429 /* UserActivityFabric.swift */ = {isa = PBXFileReference; lastKnownFileType = sourcecode.swift; path = UserActivityFabric.swift; sourceTree = "<group>"; };
		7C4993EC213EAE2F00778429 /* Corruga.entitlements */ = {isa = PBXFileReference; lastKnownFileType = text.plist.entitlements; path = Corruga.entitlements; sourceTree = "<group>"; };
		7C4993ED213EB4DC00778429 /* CoreServices.framework */ = {isa = PBXFileReference; lastKnownFileType = wrapper.framework; name = CoreServices.framework; path = System/Library/Frameworks/CoreServices.framework; sourceTree = SDKROOT; };
		7C4993EF213EB4E300778429 /* CoreSpotlight.framework */ = {isa = PBXFileReference; lastKnownFileType = wrapper.framework; name = CoreSpotlight.framework; path = System/Library/Frameworks/CoreSpotlight.framework; sourceTree = SDKROOT; };
		7C4993F1213EBC0B00778429 /* SpotlightIndexer.swift */ = {isa = PBXFileReference; lastKnownFileType = sourcecode.swift; path = SpotlightIndexer.swift; sourceTree = "<group>"; };
		7C4993F3213EBD6A00778429 /* MobileCoreServices.framework */ = {isa = PBXFileReference; lastKnownFileType = wrapper.framework; name = MobileCoreServices.framework; path = System/Library/Frameworks/MobileCoreServices.framework; sourceTree = SDKROOT; };
		7C4B70752141830F00BC03C3 /* NewsCoordinator.swift */ = {isa = PBXFileReference; lastKnownFileType = sourcecode.swift; path = NewsCoordinator.swift; sourceTree = "<group>"; };
		7C4B70772141835700BC03C3 /* NewsViewController.swift */ = {isa = PBXFileReference; lastKnownFileType = sourcecode.swift; path = NewsViewController.swift; sourceTree = "<group>"; };
		7C5337902124371000465EF1 /* String+ImageName.swift */ = {isa = PBXFileReference; lastKnownFileType = sourcecode.swift; path = "String+ImageName.swift"; sourceTree = "<group>"; };
		7C53379221243A9000465EF1 /* ScrollManager.swift */ = {isa = PBXFileReference; lastKnownFileType = sourcecode.swift; path = ScrollManager.swift; sourceTree = "<group>"; };
		7C5BD3AA219EDCA600337340 /* NewsItemEntity.swift */ = {isa = PBXFileReference; lastKnownFileType = sourcecode.swift; path = NewsItemEntity.swift; sourceTree = "<group>"; };
		7C5BD3AC219EE31400337340 /* NewsSource.swift */ = {isa = PBXFileReference; lastKnownFileType = sourcecode.swift; path = NewsSource.swift; sourceTree = "<group>"; };
		7C5D0044210889060025EF47 /* Corruga.app */ = {isa = PBXFileReference; explicitFileType = wrapper.application; includeInIndex = 0; path = Corruga.app; sourceTree = BUILT_PRODUCTS_DIR; };
		7C5D0047210889060025EF47 /* AppDelegate.swift */ = {isa = PBXFileReference; lastKnownFileType = sourcecode.swift; path = AppDelegate.swift; sourceTree = "<group>"; };
		7C5D0049210889060025EF47 /* DictionaryViewController.swift */ = {isa = PBXFileReference; lastKnownFileType = sourcecode.swift; path = DictionaryViewController.swift; sourceTree = "<group>"; };
		7C5D004B210889060025EF47 /* PhotoViewController.swift */ = {isa = PBXFileReference; lastKnownFileType = sourcecode.swift; path = PhotoViewController.swift; sourceTree = "<group>"; };
		7C5D004E210889060025EF47 /* Base */ = {isa = PBXFileReference; lastKnownFileType = file.storyboard; name = Base; path = Base.lproj/Main.storyboard; sourceTree = "<group>"; };
		7C5D0053210889080025EF47 /* Base */ = {isa = PBXFileReference; lastKnownFileType = file.storyboard; name = Base; path = Base.lproj/LaunchScreen.storyboard; sourceTree = "<group>"; };
		7C5D0055210889080025EF47 /* Info.plist */ = {isa = PBXFileReference; lastKnownFileType = text.plist.xml; path = Info.plist; sourceTree = "<group>"; };
		7C5D005A210889080025EF47 /* CorrugaTests.xctest */ = {isa = PBXFileReference; explicitFileType = wrapper.cfbundle; includeInIndex = 0; path = CorrugaTests.xctest; sourceTree = BUILT_PRODUCTS_DIR; };
		7C5D005E210889080025EF47 /* corruDictTests.swift */ = {isa = PBXFileReference; lastKnownFileType = sourcecode.swift; path = corruDictTests.swift; sourceTree = "<group>"; };
		7C5D0060210889080025EF47 /* Info.plist */ = {isa = PBXFileReference; lastKnownFileType = text.plist.xml; path = Info.plist; sourceTree = "<group>"; };
		7C5D73DF216658BA0022ABBC /* DictionaryNavViewController.swift */ = {isa = PBXFileReference; lastKnownFileType = sourcecode.swift; path = DictionaryNavViewController.swift; sourceTree = "<group>"; };
		7C5D73EE2167705A0022ABBC /* Assets.xcassets */ = {isa = PBXFileReference; lastKnownFileType = folder.assetcatalog; path = Assets.xcassets; sourceTree = "<group>"; };
		7C5D73F12167737F0022ABBC /* BoardCoordinator.swift */ = {isa = PBXFileReference; lastKnownFileType = sourcecode.swift; path = BoardCoordinator.swift; sourceTree = "<group>"; };
		7C5D73F3216774110022ABBC /* BoardViewController.swift */ = {isa = PBXFileReference; lastKnownFileType = sourcecode.swift; path = BoardViewController.swift; sourceTree = "<group>"; };
		7C72D110211EF27B00CDAD47 /* PageViewCoordinator.swift */ = {isa = PBXFileReference; lastKnownFileType = sourcecode.swift; path = PageViewCoordinator.swift; sourceTree = "<group>"; };
		7C73FDCF2285713200DE4AE2 /* SelectionPopoverViewController.swift */ = {isa = PBXFileReference; lastKnownFileType = sourcecode.swift; path = SelectionPopoverViewController.swift; sourceTree = "<group>"; };
		7C73FDD12285715200DE4AE2 /* SelectionPopoverViewModel.swift */ = {isa = PBXFileReference; lastKnownFileType = sourcecode.swift; path = SelectionPopoverViewModel.swift; sourceTree = "<group>"; };
		7C73FDD32285734200DE4AE2 /* PopoverBackgroundView.h */ = {isa = PBXFileReference; fileEncoding = 4; lastKnownFileType = sourcecode.c.h; path = PopoverBackgroundView.h; sourceTree = "<group>"; };
		7C73FDD42285734200DE4AE2 /* SelectViewController.m */ = {isa = PBXFileReference; fileEncoding = 4; lastKnownFileType = sourcecode.c.objc; path = SelectViewController.m; sourceTree = "<group>"; };
		7C73FDD52285734200DE4AE2 /* PopoverBackgroundView.m */ = {isa = PBXFileReference; fileEncoding = 4; lastKnownFileType = sourcecode.c.objc; path = PopoverBackgroundView.m; sourceTree = "<group>"; };
		7C73FDD62285734200DE4AE2 /* PopupViewController.m */ = {isa = PBXFileReference; fileEncoding = 4; lastKnownFileType = sourcecode.c.objc; path = PopupViewController.m; sourceTree = "<group>"; };
		7C73FDD72285734200DE4AE2 /* SelectViewController.h */ = {isa = PBXFileReference; fileEncoding = 4; lastKnownFileType = sourcecode.c.h; path = SelectViewController.h; sourceTree = "<group>"; };
		7C73FDD82285734200DE4AE2 /* PopupContentViewController.h */ = {isa = PBXFileReference; fileEncoding = 4; lastKnownFileType = sourcecode.c.h; path = PopupContentViewController.h; sourceTree = "<group>"; };
		7C73FDD92285734200DE4AE2 /* PopupViewController.h */ = {isa = PBXFileReference; fileEncoding = 4; lastKnownFileType = sourcecode.c.h; path = PopupViewController.h; sourceTree = "<group>"; };
		7C73FDDD228576A700DE4AE2 /* corruga_bridging_header.h */ = {isa = PBXFileReference; lastKnownFileType = sourcecode.c.h; path = corruga_bridging_header.h; sourceTree = "<group>"; };
		7C73FDDE2285ABEF00DE4AE2 /* DictionaryViewModel.swift */ = {isa = PBXFileReference; lastKnownFileType = sourcecode.swift; path = DictionaryViewModel.swift; sourceTree = "<group>"; };
		7C82620B22A18E260067D653 /* UIStoryboard+Main.swift */ = {isa = PBXFileReference; lastKnownFileType = sourcecode.swift; path = "UIStoryboard+Main.swift"; sourceTree = "<group>"; };
		7C8EC17221281A80000499C9 /* TotalLabelViewModel.swift */ = {isa = PBXFileReference; lastKnownFileType = sourcecode.swift; path = TotalLabelViewModel.swift; sourceTree = "<group>"; };
		7C8EC17421282F8D000499C9 /* CoordinatorProtocol.swift */ = {isa = PBXFileReference; lastKnownFileType = sourcecode.swift; path = CoordinatorProtocol.swift; sourceTree = "<group>"; };
		7C8EC176212840AF000499C9 /* PageViewControllerObserver.swift */ = {isa = PBXFileReference; lastKnownFileType = sourcecode.swift; path = PageViewControllerObserver.swift; sourceTree = "<group>"; };
		7C8EC17A2128577C000499C9 /* images */ = {isa = PBXFileReference; lastKnownFileType = folder; name = images; path = ../images; sourceTree = "<group>"; };
		7C954172211CC9AE00CDD270 /* ImageProvider.swift */ = {isa = PBXFileReference; lastKnownFileType = sourcecode.swift; path = ImageProvider.swift; sourceTree = "<group>"; };
		7C978F77211F101F00D1B165 /* Appearance.swift */ = {isa = PBXFileReference; lastKnownFileType = sourcecode.swift; path = Appearance.swift; sourceTree = "<group>"; };
		7C9D82D7228FDFBB0061DF1E /* BoardSource.swift */ = {isa = PBXFileReference; lastKnownFileType = sourcecode.swift; path = BoardSource.swift; sourceTree = "<group>"; };
		7CA4F64C210C58410094C5B0 /* DetailViewModel.swift */ = {isa = PBXFileReference; lastKnownFileType = sourcecode.swift; path = DetailViewModel.swift; sourceTree = "<group>"; };
		7CAB489721271EA6003F97DA /* DetailViewController.swift */ = {isa = PBXFileReference; fileEncoding = 4; lastKnownFileType = sourcecode.swift; path = DetailViewController.swift; sourceTree = "<group>"; };
		7CBAEA7D2286D1990000C8C6 /* NewsModel.swift */ = {isa = PBXFileReference; lastKnownFileType = sourcecode.swift; path = NewsModel.swift; sourceTree = "<group>"; };
		7CBB8E6C219C18E600560397 /* GoogleService-Info.plist */ = {isa = PBXFileReference; fileEncoding = 4; lastKnownFileType = text.plist.xml; path = "GoogleService-Info.plist"; sourceTree = "<group>"; };
		7CBB8E6E219C293800560397 /* VideoSource.swift */ = {isa = PBXFileReference; lastKnownFileType = sourcecode.swift; path = VideoSource.swift; sourceTree = "<group>"; };
		7CBB8E70219C29E400560397 /* VideoItemEntity.swift */ = {isa = PBXFileReference; lastKnownFileType = sourcecode.swift; path = VideoItemEntity.swift; sourceTree = "<group>"; };
		7CC81CFD212867FB004D555E /* SpeechSynth.swift */ = {isa = PBXFileReference; lastKnownFileType = sourcecode.swift; path = SpeechSynth.swift; sourceTree = "<group>"; };
		7CC81CFF21286D24004D555E /* AudioSession.swift */ = {isa = PBXFileReference; lastKnownFileType = sourcecode.swift; path = AudioSession.swift; sourceTree = "<group>"; };
		7CD7ADF82127EAAE009D3B4A /* Settings.swift */ = {isa = PBXFileReference; lastKnownFileType = sourcecode.swift; path = Settings.swift; sourceTree = "<group>"; };
		7CD7ADFA2127FCEC009D3B4A /* SwapLangViewModel.swift */ = {isa = PBXFileReference; lastKnownFileType = sourcecode.swift; path = SwapLangViewModel.swift; sourceTree = "<group>"; };
		7CD7ADFC2127FF1C009D3B4A /* ListViewControllerFinder.swift */ = {isa = PBXFileReference; lastKnownFileType = sourcecode.swift; path = ListViewControllerFinder.swift; sourceTree = "<group>"; };
		7CDC372B2116206C008B774C /* PageViewController.swift */ = {isa = PBXFileReference; lastKnownFileType = sourcecode.swift; path = PageViewController.swift; sourceTree = "<group>"; };
		7CDC372D211620CD008B774C /* PageViewDatasource.swift */ = {isa = PBXFileReference; lastKnownFileType = sourcecode.swift; path = PageViewDatasource.swift; sourceTree = "<group>"; };
		7CDD61C22141797F000E864D /* AppTabCoordinator.swift */ = {isa = PBXFileReference; lastKnownFileType = sourcecode.swift; path = AppTabCoordinator.swift; sourceTree = "<group>"; };
		7CDD61C421417A2E000E864D /* AppTabBarController.swift */ = {isa = PBXFileReference; lastKnownFileType = sourcecode.swift; path = AppTabBarController.swift; sourceTree = "<group>"; };
		7CDE18C322833469004D6964 /* LanguageModel.swift */ = {isa = PBXFileReference; lastKnownFileType = sourcecode.swift; path = LanguageModel.swift; sourceTree = "<group>"; };
		7CDE18C522844744004D6964 /* DictionaryEntryTableViewCell.swift */ = {isa = PBXFileReference; lastKnownFileType = sourcecode.swift; path = DictionaryEntryTableViewCell.swift; sourceTree = "<group>"; };
		7CE03233210B83A1001C9D78 /* DictionaryTableDataSource.swift */ = {isa = PBXFileReference; fileEncoding = 4; lastKnownFileType = sourcecode.swift; path = DictionaryTableDataSource.swift; sourceTree = "<group>"; };
		7CEABACF215F56F80011BB55 /* VideoTableViewModel.swift */ = {isa = PBXFileReference; lastKnownFileType = sourcecode.swift; path = VideoTableViewModel.swift; sourceTree = "<group>"; };
		7CEABAD1215F57B70011BB55 /* VideoItemTableViewCell.swift */ = {isa = PBXFileReference; lastKnownFileType = sourcecode.swift; path = VideoItemTableViewCell.swift; sourceTree = "<group>"; };
		7CEABAD3215F70810011BB55 /* FloatingHeaderPresenter.swift */ = {isa = PBXFileReference; fileEncoding = 4; lastKnownFileType = sourcecode.swift; path = FloatingHeaderPresenter.swift; sourceTree = "<group>"; };
		7CEDBF96210BAF360087FEB5 /* Media.xcassets */ = {isa = PBXFileReference; lastKnownFileType = folder.assetcatalog; path = Media.xcassets; sourceTree = "<group>"; };
		7CF3B462211EEA1F00CFDFFF /* PhotoViewModel.swift */ = {isa = PBXFileReference; lastKnownFileType = sourcecode.swift; path = PhotoViewModel.swift; sourceTree = "<group>"; };
		7CF5B4C9211634B5004F2FDA /* WSColourScheme.swift */ = {isa = PBXFileReference; fileEncoding = 4; lastKnownFileType = sourcecode.swift; path = WSColourScheme.swift; sourceTree = "<group>"; };
		7CFFDEB2219D827D006EEB47 /* BaseFeatureViewController.swift */ = {isa = PBXFileReference; lastKnownFileType = sourcecode.swift; path = BaseFeatureViewController.swift; sourceTree = "<group>"; };
		7CFFDEB4219D83B5006EEB47 /* BaseFeatureCoordinator.swift */ = {isa = PBXFileReference; lastKnownFileType = sourcecode.swift; path = BaseFeatureCoordinator.swift; sourceTree = "<group>"; };
		7CFFDEB7219D8894006EEB47 /* ShareViewController.swift */ = {isa = PBXFileReference; lastKnownFileType = sourcecode.swift; path = ShareViewController.swift; sourceTree = "<group>"; };
		8421AFBE263A8F9D00644179 /* Network.swift */ = {isa = PBXFileReference; lastKnownFileType = sourcecode.swift; path = Network.swift; sourceTree = "<group>"; };
		9EA1BE279A8F14B1A1D1E275 /* Pods-Corruga.release.xcconfig */ = {isa = PBXFileReference; includeInIndex = 1; lastKnownFileType = text.xcconfig; name = "Pods-Corruga.release.xcconfig"; path = "Pods/Target Support Files/Pods-Corruga/Pods-Corruga.release.xcconfig"; sourceTree = "<group>"; };
		A2160B0E9EA4633C1557DB68 /* Pods_CorrugaTests.framework */ = {isa = PBXFileReference; explicitFileType = wrapper.framework; includeInIndex = 0; path = Pods_CorrugaTests.framework; sourceTree = BUILT_PRODUCTS_DIR; };
		F05FA882528DA78405BF5054 /* Pods_Corruga.framework */ = {isa = PBXFileReference; explicitFileType = wrapper.framework; includeInIndex = 0; path = Pods_Corruga.framework; sourceTree = BUILT_PRODUCTS_DIR; };
/* End PBXFileReference section */

/* Begin PBXFrameworksBuildPhase section */
		7C5D0041210889060025EF47 /* Frameworks */ = {
			isa = PBXFrameworksBuildPhase;
			buildActionMask = 2147483647;
			files = (
				7C4993F0213EB4E300778429 /* CoreSpotlight.framework in Frameworks */,
				7C4993EE213EB4DC00778429 /* CoreServices.framework in Frameworks */,
				7C424CD221088E0100D20563 /* AudioToolbox.framework in Frameworks */,
				7C424CD021088DFA00D20563 /* AVFoundation.framework in Frameworks */,
				7C424CCE21088DF300D20563 /* Speech.framework in Frameworks */,
				7C424CCC21088DED00D20563 /* SystemConfiguration.framework in Frameworks */,
				DC7508341CADBBE31D160072 /* Pods_Corruga.framework in Frameworks */,
				6A38091124D1C3B100104A83 /* CoreServices.framework in Frameworks */,
			);
			runOnlyForDeploymentPostprocessing = 0;
		};
		7C5D0057210889080025EF47 /* Frameworks */ = {
			isa = PBXFrameworksBuildPhase;
			buildActionMask = 2147483647;
			files = (
				9B32C2F9076AF448DCD672F7 /* Pods_CorrugaTests.framework in Frameworks */,
			);
			runOnlyForDeploymentPostprocessing = 0;
		};
/* End PBXFrameworksBuildPhase section */

/* Begin PBXGroup section */
		6A1498202342316E0047BD63 /* CustomViews */ = {
			isa = PBXGroup;
			children = (
				6A1498212342319F0047BD63 /* ConnectionIndicatorController.swift */,
				6A149823234234310047BD63 /* ConnectionIndicatorView.swift */,
			);
			path = CustomViews;
			sourceTree = "<group>";
		};
		7C06CB70210891F300FEEB52 /* Model */ = {
			isa = PBXGroup;
			children = (
				7C3A11832115CEEB00FB96A1 /* obsolete */,
				7C7AA6AB211EE71B00A8110D /* Entities */,
				7C06CB712108923300FEEB52 /* DictModel.swift */,
				7CDE18C322833469004D6964 /* LanguageModel.swift */,
				7C3A11762115C7B100FB96A1 /* LanguageStorage.swift */,
				7C06CB732108925800FEEB52 /* SpeechManager.swift */,
				7C954172211CC9AE00CDD270 /* ImageProvider.swift */,
				7C4993F1213EBC0B00778429 /* SpotlightIndexer.swift */,
				7C4993EA213EACE800778429 /* UserActivityFabric.swift */,
				6A3D339E2386AFA400E2537A /* BackgroundTask.swift */,
				7C1CD35121444D0D006CF4C6 /* Client.swift */,
				7CBB8E6E219C293800560397 /* VideoSource.swift */,
				7C5BD3AC219EE31400337340 /* NewsSource.swift */,
				8421AFBE263A8F9D00644179 /* Network.swift */,
			);
			path = Model;
			sourceTree = "<group>";
		};
		7C3A11832115CEEB00FB96A1 /* obsolete */ = {
			isa = PBXGroup;
			children = (
				7C15EB60210B7A1300C304AC /* Entry.swift */,
				7C15EB61210B7A1300C304AC /* Storage.swift */,
			);
			path = obsolete;
			sourceTree = "<group>";
		};
		7C4B7073214182F800BC03C3 /* News */ = {
			isa = PBXGroup;
			children = (
				7C4B70752141830F00BC03C3 /* NewsCoordinator.swift */,
				7C4B70772141835700BC03C3 /* NewsViewController.swift */,
				7C3FFA9E2289B4DA00EDF2BC /* NewsViewModel.swift */,
				7C3FFA9A2286F90B00EDF2BC /* WebItemViewController.swift */,
				7C3FFA9C2286FB9000EDF2BC /* NewsItemTableViewCell.swift */,
				6A86D5AF23A9227900371F52 /* AdPicTableViewCell.swift */,
			);
			path = News;
			sourceTree = "<group>";
		};
		7C4B7074214182FE00BC03C3 /* Video */ = {
			isa = PBXGroup;
			children = (
				7C1CD34921443962006CF4C6 /* VideosCoordinator.swift */,
				7C1CD34D214448DA006CF4C6 /* VideoItemViewModel.swift */,
				7C1CD34B2144397D006CF4C6 /* VideosViewController.swift */,
				7C1CD34F21444A4A006CF4C6 /* VideosDataSource.swift */,
				7CEABACF215F56F80011BB55 /* VideoTableViewModel.swift */,
				7CEABAD1215F57B70011BB55 /* VideoItemTableViewCell.swift */,
			);
			path = Video;
			sourceTree = "<group>";
		};
		7C5D003B210889060025EF47 = {
			isa = PBXGroup;
			children = (
				7C4993EC213EAE2F00778429 /* Corruga.entitlements */,
				7C5D0046210889060025EF47 /* corrugaApp */,
				7C5D005D210889080025EF47 /* corruDictTests */,
				7C5D0045210889060025EF47 /* Products */,
				7C8EC17A2128577C000499C9 /* images */,
				7CEDBF93210BAEF50087FEB5 /* Resources */,
				E4E8BBBEABF5881617273F5A /* Pods */,
				F29B19D86EC6F4237939C655 /* Frameworks */,
			);
			sourceTree = "<group>";
		};
		7C5D0045210889060025EF47 /* Products */ = {
			isa = PBXGroup;
			children = (
				7C5D0044210889060025EF47 /* Corruga.app */,
				7C5D005A210889080025EF47 /* CorrugaTests.xctest */,
			);
			name = Products;
			sourceTree = "<group>";
		};
		7C5D0046210889060025EF47 /* corrugaApp */ = {
			isa = PBXGroup;
			children = (
				6A1498202342316E0047BD63 /* CustomViews */,
				7C73FDCE228570F300DE4AE2 /* SelectionPopover */,
				7CFFDEB6219D887F006EEB47 /* Share */,
				7C5D0047210889060025EF47 /* AppDelegate.swift */,
				7CDD61C22141797F000E864D /* AppTabCoordinator.swift */,
				7CDD61C421417A2E000E864D /* AppTabBarController.swift */,
				7C16D3622199E09C00217626 /* AppAnalytics.swift */,
				7C978F77211F101F00D1B165 /* Appearance.swift */,
				7CD7ADF82127EAAE009D3B4A /* Settings.swift */,
				7CFFDEB2219D827D006EEB47 /* BaseFeatureViewController.swift */,
				7CFFDEB4219D83B5006EEB47 /* BaseFeatureCoordinator.swift */,
				7C4B7074214182FE00BC03C3 /* Video */,
				7C4B7073214182F800BC03C3 /* News */,
				7C5D73F0216773630022ABBC /* Classifieds */,
				7CF1266721271D2F0024F099 /* Dictionary */,
				7CAB489A21271EF2003F97DA /* Extensions */,
				7C8EC17821285199000499C9 /* Protocols */,
				7C06CB70210891F300FEEB52 /* Model */,
				7CECF08621271E6400F63438 /* DetailPages */,
				7C8EC179212851BE000499C9 /* DetailView */,
				7CAB489921271ECC003F97DA /* PhotoView */,
				7CAB489B21271F32003F97DA /* Storyboards */,
				7C82620D22A193100067D653 /* Unused */,
				7CF5B4C8211634B5004F2FDA /* libs */,
				7C5D0055210889080025EF47 /* Info.plist */,
				7CBB8E6C219C18E600560397 /* GoogleService-Info.plist */,
				7C73FDDD228576A700DE4AE2 /* corruga_bridging_header.h */,
			);
			path = corrugaApp;
			sourceTree = "<group>";
		};
		7C5D005D210889080025EF47 /* corruDictTests */ = {
			isa = PBXGroup;
			children = (
				7C5D005E210889080025EF47 /* corruDictTests.swift */,
				7C5D0060210889080025EF47 /* Info.plist */,
			);
			path = corruDictTests;
			sourceTree = "<group>";
		};
		7C5D73F0216773630022ABBC /* Classifieds */ = {
			isa = PBXGroup;
			children = (
				7C5D73F12167737F0022ABBC /* BoardCoordinator.swift */,
				7C5D73F3216774110022ABBC /* BoardViewController.swift */,
			);
			path = Classifieds;
			sourceTree = "<group>";
		};
		7C73FDCE228570F300DE4AE2 /* SelectionPopover */ = {
			isa = PBXGroup;
			children = (
				7C73FDCF2285713200DE4AE2 /* SelectionPopoverViewController.swift */,
				7C73FDD12285715200DE4AE2 /* SelectionPopoverViewModel.swift */,
				7C73FDD72285734200DE4AE2 /* SelectViewController.h */,
				7C73FDD42285734200DE4AE2 /* SelectViewController.m */,
				7C73FDD92285734200DE4AE2 /* PopupViewController.h */,
				7C73FDD62285734200DE4AE2 /* PopupViewController.m */,
				7C73FDD32285734200DE4AE2 /* PopoverBackgroundView.h */,
				7C73FDD52285734200DE4AE2 /* PopoverBackgroundView.m */,
				7C73FDD82285734200DE4AE2 /* PopupContentViewController.h */,
			);
			path = SelectionPopover;
			sourceTree = "<group>";
		};
		7C7AA6AB211EE71B00A8110D /* Entities */ = {
			isa = PBXGroup;
			children = (
				7C3A11772115C7B100FB96A1 /* TermEntity.swift */,
				7C3A11782115C7B100FB96A1 /* TranslationEntity.swift */,
				7CBB8E70219C29E400560397 /* VideoItemEntity.swift */,
				7C5BD3AA219EDCA600337340 /* NewsItemEntity.swift */,
			);
			path = Entities;
			sourceTree = "<group>";
		};
		7C82620D22A193100067D653 /* Unused */ = {
			isa = PBXGroup;
			children = (
				7CBAEA7D2286D1990000C8C6 /* NewsModel.swift */,
				7C9D82D7228FDFBB0061DF1E /* BoardSource.swift */,
				7C29C930212722B200D22D66 /* KeyboardPositionObserver.swift */,
				7CF5B4C9211634B5004F2FDA /* WSColourScheme.swift */,
			);
			path = Unused;
			sourceTree = "<group>";
		};
		7C8EC17821285199000499C9 /* Protocols */ = {
			isa = PBXGroup;
			children = (
				7C8EC17421282F8D000499C9 /* CoordinatorProtocol.swift */,
			);
			path = Protocols;
			sourceTree = "<group>";
		};
		7C8EC179212851BE000499C9 /* DetailView */ = {
			isa = PBXGroup;
			children = (
				7CAB489721271EA6003F97DA /* DetailViewController.swift */,
				7CA4F64C210C58410094C5B0 /* DetailViewModel.swift */,
				7CC81CFD212867FB004D555E /* SpeechSynth.swift */,
				7CC81CFF21286D24004D555E /* AudioSession.swift */,
			);
			path = DetailView;
			sourceTree = "<group>";
		};
		7CAB489921271ECC003F97DA /* PhotoView */ = {
			isa = PBXGroup;
			children = (
				7CF3B462211EEA1F00CFDFFF /* PhotoViewModel.swift */,
				7C5D004B210889060025EF47 /* PhotoViewController.swift */,
			);
			path = PhotoView;
			sourceTree = "<group>";
		};
		7CAB489A21271EF2003F97DA /* Extensions */ = {
			isa = PBXGroup;
			children = (
				7C5337902124371000465EF1 /* String+ImageName.swift */,
				7C82620B22A18E260067D653 /* UIStoryboard+Main.swift */,
			);
			path = Extensions;
			sourceTree = "<group>";
		};
		7CAB489B21271F32003F97DA /* Storyboards */ = {
			isa = PBXGroup;
			children = (
				7C5D004D210889060025EF47 /* Main.storyboard */,
				7C5D0052210889080025EF47 /* LaunchScreen.storyboard */,
			);
			path = Storyboards;
			sourceTree = "<group>";
		};
		7CECF08621271E6400F63438 /* DetailPages */ = {
			isa = PBXGroup;
			children = (
				7CDC372D211620CD008B774C /* PageViewDatasource.swift */,
				7C72D110211EF27B00CDAD47 /* PageViewCoordinator.swift */,
				7CDC372B2116206C008B774C /* PageViewController.swift */,
				7C8EC176212840AF000499C9 /* PageViewControllerObserver.swift */,
			);
			path = DetailPages;
			sourceTree = "<group>";
		};
		7CEDBF93210BAEF50087FEB5 /* Resources */ = {
			isa = PBXGroup;
			children = (
				7C5D73EE2167705A0022ABBC /* Assets.xcassets */,
				7CEDBF96210BAF360087FEB5 /* Media.xcassets */,
			);
			path = Resources;
			sourceTree = "<group>";
		};
		7CF1266721271D2F0024F099 /* Dictionary */ = {
			isa = PBXGroup;
			children = (
				7C06CB752108928000FEEB52 /* DictionaryCoordinator.swift */,
				7C5D0049210889060025EF47 /* DictionaryViewController.swift */,
				7C73FDDE2285ABEF00DE4AE2 /* DictionaryViewModel.swift */,
				7CE03233210B83A1001C9D78 /* DictionaryTableDataSource.swift */,
				7CDE18C522844744004D6964 /* DictionaryEntryTableViewCell.swift */,
				7C5D73DF216658BA0022ABBC /* DictionaryNavViewController.swift */,
				7CD7ADFA2127FCEC009D3B4A /* SwapLangViewModel.swift */,
				7CD7ADFC2127FF1C009D3B4A /* ListViewControllerFinder.swift */,
				7CEABAD3215F70810011BB55 /* FloatingHeaderPresenter.swift */,
				7C53379221243A9000465EF1 /* ScrollManager.swift */,
				7C8EC17221281A80000499C9 /* TotalLabelViewModel.swift */,
			);
			path = Dictionary;
			sourceTree = "<group>";
		};
		7CF5B4C8211634B5004F2FDA /* libs */ = {
			isa = PBXGroup;
			children = (
			);
			path = libs;
			sourceTree = "<group>";
		};
		7CFFDEB6219D887F006EEB47 /* Share */ = {
			isa = PBXGroup;
			children = (
				7CFFDEB7219D8894006EEB47 /* ShareViewController.swift */,
			);
			path = Share;
			sourceTree = "<group>";
		};
		E4E8BBBEABF5881617273F5A /* Pods */ = {
			isa = PBXGroup;
			children = (
				306A93973DE71D1A5FEBF77B /* Pods-Corruga.debug.xcconfig */,
				9EA1BE279A8F14B1A1D1E275 /* Pods-Corruga.release.xcconfig */,
				4418B3CE00B3E53837CACDB2 /* Pods-CorrugaTests.debug.xcconfig */,
				646D76864E764D8B56345ACD /* Pods-CorrugaTests.release.xcconfig */,
			);
			name = Pods;
			sourceTree = "<group>";
		};
		F29B19D86EC6F4237939C655 /* Frameworks */ = {
			isa = PBXGroup;
			children = (
				7C4993F3213EBD6A00778429 /* MobileCoreServices.framework */,
				7C4993EF213EB4E300778429 /* CoreSpotlight.framework */,
				7C4993ED213EB4DC00778429 /* CoreServices.framework */,
				7C424CD121088E0100D20563 /* AudioToolbox.framework */,
				7C424CCF21088DFA00D20563 /* AVFoundation.framework */,
				7C424CCD21088DF300D20563 /* Speech.framework */,
				7C424CCB21088DED00D20563 /* SystemConfiguration.framework */,
				F05FA882528DA78405BF5054 /* Pods_Corruga.framework */,
				A2160B0E9EA4633C1557DB68 /* Pods_CorrugaTests.framework */,
			);
			name = Frameworks;
			sourceTree = "<group>";
		};
/* End PBXGroup section */

/* Begin PBXNativeTarget section */
		7C5D0043210889060025EF47 /* Corruga */ = {
			isa = PBXNativeTarget;
			buildConfigurationList = 7C5D0063210889080025EF47 /* Build configuration list for PBXNativeTarget "Corruga" */;
			buildPhases = (
				3589D03D20C509A9DDD50D87 /* [CP] Check Pods Manifest.lock */,
				7C5D0040210889060025EF47 /* Sources */,
				7C5D0041210889060025EF47 /* Frameworks */,
				7C5D0042210889060025EF47 /* Resources */,
				C3C1425450CD302E7DB9AEA9 /* [CP] Embed Pods Frameworks */,
			);
			buildRules = (
			);
			dependencies = (
			);
			name = Corruga;
			productName = corruDict;
			productReference = 7C5D0044210889060025EF47 /* Corruga.app */;
			productType = "com.apple.product-type.application";
		};
		7C5D0059210889080025EF47 /* CorrugaTests */ = {
			isa = PBXNativeTarget;
			buildConfigurationList = 7C5D0066210889080025EF47 /* Build configuration list for PBXNativeTarget "CorrugaTests" */;
			buildPhases = (
				48F2551C7BCA5869DCECC938 /* [CP] Check Pods Manifest.lock */,
				7C5D0056210889080025EF47 /* Sources */,
				7C5D0057210889080025EF47 /* Frameworks */,
				7C5D0058210889080025EF47 /* Resources */,
				9914062C1E7DDB69544DD13A /* [CP] Embed Pods Frameworks */,
			);
			buildRules = (
			);
			dependencies = (
				7C5D005C210889080025EF47 /* PBXTargetDependency */,
			);
			name = CorrugaTests;
			productName = corruDictTests;
			productReference = 7C5D005A210889080025EF47 /* CorrugaTests.xctest */;
			productType = "com.apple.product-type.bundle.unit-test";
		};
/* End PBXNativeTarget section */

/* Begin PBXProject section */
		7C5D003C210889060025EF47 /* Project object */ = {
			isa = PBXProject;
			attributes = {
				LastSwiftUpdateCheck = 1000;
				LastUpgradeCheck = 1000;
				ORGANIZATIONNAME = oleg.naumenko;
				TargetAttributes = {
					7C5D0043210889060025EF47 = {
						CreatedOnToolsVersion = 10.0;
						LastSwiftMigration = 1020;
						SystemCapabilities = {
							com.apple.BackgroundModes = {
								enabled = 0;
							};
							com.apple.Siri = {
								enabled = 1;
							};
						};
					};
					7C5D0059210889080025EF47 = {
						CreatedOnToolsVersion = 10.0;
						LastSwiftMigration = 1020;
						TestTargetID = 7C5D0043210889060025EF47;
					};
				};
			};
			buildConfigurationList = 7C5D003F210889060025EF47 /* Build configuration list for PBXProject "Corruga" */;
			compatibilityVersion = "Xcode 9.3";
			developmentRegion = en;
			hasScannedForEncodings = 0;
			knownRegions = (
				en,
				Base,
			);
			mainGroup = 7C5D003B210889060025EF47;
			productRefGroup = 7C5D0045210889060025EF47 /* Products */;
			projectDirPath = "";
			projectRoot = "";
			targets = (
				7C5D0043210889060025EF47 /* Corruga */,
				7C5D0059210889080025EF47 /* CorrugaTests */,
			);
		};
/* End PBXProject section */

/* Begin PBXResourcesBuildPhase section */
		7C5D0042210889060025EF47 /* Resources */ = {
			isa = PBXResourcesBuildPhase;
			buildActionMask = 2147483647;
			files = (
				7C8EC17B2128577C000499C9 /* images in Resources */,
				7CBB8E6D219C18E600560397 /* GoogleService-Info.plist in Resources */,
				7C5D0054210889080025EF47 /* LaunchScreen.storyboard in Resources */,
				7C5D73EF2167705A0022ABBC /* Assets.xcassets in Resources */,
				7CEDBF97210BAF360087FEB5 /* Media.xcassets in Resources */,
				7C5D004F210889060025EF47 /* Main.storyboard in Resources */,
			);
			runOnlyForDeploymentPostprocessing = 0;
		};
		7C5D0058210889080025EF47 /* Resources */ = {
			isa = PBXResourcesBuildPhase;
			buildActionMask = 2147483647;
			files = (
			);
			runOnlyForDeploymentPostprocessing = 0;
		};
/* End PBXResourcesBuildPhase section */

/* Begin PBXShellScriptBuildPhase section */
		3589D03D20C509A9DDD50D87 /* [CP] Check Pods Manifest.lock */ = {
			isa = PBXShellScriptBuildPhase;
			buildActionMask = 2147483647;
			files = (
			);
			inputPaths = (
				"${PODS_PODFILE_DIR_PATH}/Podfile.lock",
				"${PODS_ROOT}/Manifest.lock",
			);
			name = "[CP] Check Pods Manifest.lock";
			outputPaths = (
				"$(DERIVED_FILE_DIR)/Pods-Corruga-checkManifestLockResult.txt",
			);
			runOnlyForDeploymentPostprocessing = 0;
			shellPath = /bin/sh;
			shellScript = "diff \"${PODS_PODFILE_DIR_PATH}/Podfile.lock\" \"${PODS_ROOT}/Manifest.lock\" > /dev/null\nif [ $? != 0 ] ; then\n    # print error to STDERR\n    echo \"error: The sandbox is not in sync with the Podfile.lock. Run 'pod install' or update your CocoaPods installation.\" >&2\n    exit 1\nfi\n# This output is used by Xcode 'outputs' to avoid re-running this script phase.\necho \"SUCCESS\" > \"${SCRIPT_OUTPUT_FILE_0}\"\n";
			showEnvVarsInLog = 0;
		};
		48F2551C7BCA5869DCECC938 /* [CP] Check Pods Manifest.lock */ = {
			isa = PBXShellScriptBuildPhase;
			buildActionMask = 2147483647;
			files = (
			);
			inputFileListPaths = (
			);
			inputPaths = (
				"${PODS_PODFILE_DIR_PATH}/Podfile.lock",
				"${PODS_ROOT}/Manifest.lock",
			);
			name = "[CP] Check Pods Manifest.lock";
			outputFileListPaths = (
			);
			outputPaths = (
				"$(DERIVED_FILE_DIR)/Pods-CorrugaTests-checkManifestLockResult.txt",
			);
			runOnlyForDeploymentPostprocessing = 0;
			shellPath = /bin/sh;
			shellScript = "diff \"${PODS_PODFILE_DIR_PATH}/Podfile.lock\" \"${PODS_ROOT}/Manifest.lock\" > /dev/null\nif [ $? != 0 ] ; then\n    # print error to STDERR\n    echo \"error: The sandbox is not in sync with the Podfile.lock. Run 'pod install' or update your CocoaPods installation.\" >&2\n    exit 1\nfi\n# This output is used by Xcode 'outputs' to avoid re-running this script phase.\necho \"SUCCESS\" > \"${SCRIPT_OUTPUT_FILE_0}\"\n";
			showEnvVarsInLog = 0;
		};
		9914062C1E7DDB69544DD13A /* [CP] Embed Pods Frameworks */ = {
			isa = PBXShellScriptBuildPhase;
			buildActionMask = 2147483647;
			files = (
			);
			inputFileListPaths = (
				"${PODS_ROOT}/Target Support Files/Pods-CorrugaTests/Pods-CorrugaTests-frameworks-${CONFIGURATION}-input-files.xcfilelist",
			);
			name = "[CP] Embed Pods Frameworks";
			outputFileListPaths = (
				"${PODS_ROOT}/Target Support Files/Pods-CorrugaTests/Pods-CorrugaTests-frameworks-${CONFIGURATION}-output-files.xcfilelist",
			);
			runOnlyForDeploymentPostprocessing = 0;
			shellPath = /bin/sh;
			shellScript = "\"${PODS_ROOT}/Target Support Files/Pods-CorrugaTests/Pods-CorrugaTests-frameworks.sh\"\n";
			showEnvVarsInLog = 0;
		};
		C3C1425450CD302E7DB9AEA9 /* [CP] Embed Pods Frameworks */ = {
			isa = PBXShellScriptBuildPhase;
			buildActionMask = 2147483647;
			files = (
			);
			inputFileListPaths = (
				"${PODS_ROOT}/Target Support Files/Pods-Corruga/Pods-Corruga-frameworks-${CONFIGURATION}-input-files.xcfilelist",
			);
			name = "[CP] Embed Pods Frameworks";
			outputFileListPaths = (
				"${PODS_ROOT}/Target Support Files/Pods-Corruga/Pods-Corruga-frameworks-${CONFIGURATION}-output-files.xcfilelist",
			);
			runOnlyForDeploymentPostprocessing = 0;
			shellPath = /bin/sh;
			shellScript = "\"${PODS_ROOT}/Target Support Files/Pods-Corruga/Pods-Corruga-frameworks.sh\"\n";
			showEnvVarsInLog = 0;
		};
/* End PBXShellScriptBuildPhase section */

/* Begin PBXSourcesBuildPhase section */
		7C5D0040210889060025EF47 /* Sources */ = {
			isa = PBXSourcesBuildPhase;
			buildActionMask = 2147483647;
			files = (
				7C5D004C210889060025EF47 /* PhotoViewController.swift in Sources */,
				7CDD61C521417A2E000E864D /* AppTabBarController.swift in Sources */,
				7C16D3632199E09C00217626 /* AppAnalytics.swift in Sources */,
				7C5D73E0216658BA0022ABBC /* DictionaryNavViewController.swift in Sources */,
				7C5D73F4216774110022ABBC /* BoardViewController.swift in Sources */,
				7C5337912124371000465EF1 /* String+ImageName.swift in Sources */,
				7C73FDDA2285734200DE4AE2 /* SelectViewController.m in Sources */,
				7CDE18C622844744004D6964 /* DictionaryEntryTableViewCell.swift in Sources */,
				7CC81CFE212867FB004D555E /* SpeechSynth.swift in Sources */,
				7C53379321243A9000465EF1 /* ScrollManager.swift in Sources */,
				7CDE18C422833469004D6964 /* LanguageModel.swift in Sources */,
				7CE03234210B83A1001C9D78 /* DictionaryTableDataSource.swift in Sources */,
				6A86D5B023A9227900371F52 /* AdPicTableViewCell.swift in Sources */,
				7C1CD35221444D0D006CF4C6 /* Client.swift in Sources */,
				7C06CB762108928000FEEB52 /* DictionaryCoordinator.swift in Sources */,
				7CAB489821271EA6003F97DA /* DetailViewController.swift in Sources */,
				7CDC372E211620CD008B774C /* PageViewDatasource.swift in Sources */,
				6A149824234234310047BD63 /* ConnectionIndicatorView.swift in Sources */,
				8421AFBF263A8F9D00644179 /* Network.swift in Sources */,
				7C5D0048210889060025EF47 /* AppDelegate.swift in Sources */,
				7C1CD34A21443962006CF4C6 /* VideosCoordinator.swift in Sources */,
				7C73FDD02285713200DE4AE2 /* SelectionPopoverViewController.swift in Sources */,
				6A3D339F2386AFA400E2537A /* BackgroundTask.swift in Sources */,
				7CF3B463211EEA1F00CFDFFF /* PhotoViewModel.swift in Sources */,
				7C4B70782141835700BC03C3 /* NewsViewController.swift in Sources */,
				7CDD61C32141797F000E864D /* AppTabCoordinator.swift in Sources */,
				7CC81D0021286D24004D555E /* AudioSession.swift in Sources */,
				7C1CD34E214448DA006CF4C6 /* VideoItemViewModel.swift in Sources */,
				7CD7ADF92127EAAE009D3B4A /* Settings.swift in Sources */,
				7C72D111211EF27B00CDAD47 /* PageViewCoordinator.swift in Sources */,
				6A1498222342319F0047BD63 /* ConnectionIndicatorController.swift in Sources */,
				7C1CD34C2144397D006CF4C6 /* VideosViewController.swift in Sources */,
				7C8EC17521282F8D000499C9 /* CoordinatorProtocol.swift in Sources */,
				7C73FDDF2285ABEF00DE4AE2 /* DictionaryViewModel.swift in Sources */,
				7CD7ADFD2127FF1C009D3B4A /* ListViewControllerFinder.swift in Sources */,
				7C5D004A210889060025EF47 /* DictionaryViewController.swift in Sources */,
				6A87341E2383447300327EC2 /* VideoItemEntity.swift in Sources */,
				7C73FDD22285715200DE4AE2 /* SelectionPopoverViewModel.swift in Sources */,
				7CEABAD2215F57B70011BB55 /* VideoItemTableViewCell.swift in Sources */,
				7CFFDEB8219D8894006EEB47 /* ShareViewController.swift in Sources */,
				7C4993EB213EACE900778429 /* UserActivityFabric.swift in Sources */,
				7C8EC177212840AF000499C9 /* PageViewControllerObserver.swift in Sources */,
				7CA4F64D210C58410094C5B0 /* DetailViewModel.swift in Sources */,
				7C73FDDB2285734200DE4AE2 /* PopoverBackgroundView.m in Sources */,
				7C5BD3AD219EE31400337340 /* NewsSource.swift in Sources */,
				7C82620C22A18E260067D653 /* UIStoryboard+Main.swift in Sources */,
				7C8EC17321281A80000499C9 /* TotalLabelViewModel.swift in Sources */,
				7C3FFA9F2289B4DA00EDF2BC /* NewsViewModel.swift in Sources */,
				7C73FDDC2285734200DE4AE2 /* PopupViewController.m in Sources */,
				7C3FFA9B2286F90B00EDF2BC /* WebItemViewController.swift in Sources */,
				7CDC372C2116206C008B774C /* PageViewController.swift in Sources */,
				7C3FFA9D2286FB9000EDF2BC /* NewsItemTableViewCell.swift in Sources */,
				7C954173211CC9AE00CDD270 /* ImageProvider.swift in Sources */,
				7C4B70762141830F00BC03C3 /* NewsCoordinator.swift in Sources */,
				7CFFDEB5219D83B5006EEB47 /* BaseFeatureCoordinator.swift in Sources */,
				7CD7ADFB2127FCEC009D3B4A /* SwapLangViewModel.swift in Sources */,
				7C978F78211F101F00D1B165 /* Appearance.swift in Sources */,
				7CEABAD0215F56F80011BB55 /* VideoTableViewModel.swift in Sources */,
				7CBB8E6F219C293800560397 /* VideoSource.swift in Sources */,
				7C5D73F22167737F0022ABBC /* BoardCoordinator.swift in Sources */,
				7CEABAD5215F7A530011BB55 /* FloatingHeaderPresenter.swift in Sources */,
				7C06CB722108923300FEEB52 /* DictModel.swift in Sources */,
				7C4993F2213EBC0B00778429 /* SpotlightIndexer.swift in Sources */,
				7CFFDEB3219D827D006EEB47 /* BaseFeatureViewController.swift in Sources */,
			);
			runOnlyForDeploymentPostprocessing = 0;
		};
		7C5D0056210889080025EF47 /* Sources */ = {
			isa = PBXSourcesBuildPhase;
			buildActionMask = 2147483647;
			files = (
				7C5D005F210889080025EF47 /* corruDictTests.swift in Sources */,
			);
			runOnlyForDeploymentPostprocessing = 0;
		};
/* End PBXSourcesBuildPhase section */

/* Begin PBXTargetDependency section */
		7C5D005C210889080025EF47 /* PBXTargetDependency */ = {
			isa = PBXTargetDependency;
			target = 7C5D0043210889060025EF47 /* Corruga */;
			targetProxy = 7C5D005B210889080025EF47 /* PBXContainerItemProxy */;
		};
/* End PBXTargetDependency section */

/* Begin PBXVariantGroup section */
		7C5D004D210889060025EF47 /* Main.storyboard */ = {
			isa = PBXVariantGroup;
			children = (
				7C5D004E210889060025EF47 /* Base */,
			);
			name = Main.storyboard;
			sourceTree = "<group>";
		};
		7C5D0052210889080025EF47 /* LaunchScreen.storyboard */ = {
			isa = PBXVariantGroup;
			children = (
				7C5D0053210889080025EF47 /* Base */,
			);
			name = LaunchScreen.storyboard;
			sourceTree = "<group>";
		};
/* End PBXVariantGroup section */

/* Begin XCBuildConfiguration section */
		7C5D0061210889080025EF47 /* Debug */ = {
			isa = XCBuildConfiguration;
			buildSettings = {
				ALWAYS_SEARCH_USER_PATHS = NO;
				CLANG_ANALYZER_NONNULL = YES;
				CLANG_ANALYZER_NUMBER_OBJECT_CONVERSION = YES_AGGRESSIVE;
				CLANG_CXX_LANGUAGE_STANDARD = "gnu++14";
				CLANG_CXX_LIBRARY = "libc++";
				CLANG_ENABLE_MODULES = YES;
				CLANG_ENABLE_OBJC_ARC = YES;
				CLANG_ENABLE_OBJC_WEAK = YES;
				CLANG_WARN_BLOCK_CAPTURE_AUTORELEASING = YES;
				CLANG_WARN_BOOL_CONVERSION = YES;
				CLANG_WARN_COMMA = YES;
				CLANG_WARN_CONSTANT_CONVERSION = YES;
				CLANG_WARN_DEPRECATED_OBJC_IMPLEMENTATIONS = YES;
				CLANG_WARN_DIRECT_OBJC_ISA_USAGE = YES_ERROR;
				CLANG_WARN_DOCUMENTATION_COMMENTS = YES;
				CLANG_WARN_EMPTY_BODY = YES;
				CLANG_WARN_ENUM_CONVERSION = YES;
				CLANG_WARN_INFINITE_RECURSION = YES;
				CLANG_WARN_INT_CONVERSION = YES;
				CLANG_WARN_NON_LITERAL_NULL_CONVERSION = YES;
				CLANG_WARN_OBJC_IMPLICIT_RETAIN_SELF = YES;
				CLANG_WARN_OBJC_LITERAL_CONVERSION = YES;
				CLANG_WARN_OBJC_ROOT_CLASS = YES_ERROR;
				CLANG_WARN_RANGE_LOOP_ANALYSIS = YES;
				CLANG_WARN_STRICT_PROTOTYPES = YES;
				CLANG_WARN_SUSPICIOUS_MOVE = YES;
				CLANG_WARN_UNGUARDED_AVAILABILITY = YES_AGGRESSIVE;
				CLANG_WARN_UNREACHABLE_CODE = YES;
				CLANG_WARN__DUPLICATE_METHOD_MATCH = YES;
				CODE_SIGN_IDENTITY = "iPhone Developer";
				COPY_PHASE_STRIP = NO;
				DEBUG_INFORMATION_FORMAT = dwarf;
				ENABLE_STRICT_OBJC_MSGSEND = YES;
				ENABLE_TESTABILITY = YES;
				GCC_C_LANGUAGE_STANDARD = gnu11;
				GCC_DYNAMIC_NO_PIC = NO;
				GCC_NO_COMMON_BLOCKS = YES;
				GCC_OPTIMIZATION_LEVEL = 0;
				GCC_PREPROCESSOR_DEFINITIONS = (
					"DEBUG=1",
					"$(inherited)",
				);
				GCC_WARN_64_TO_32_BIT_CONVERSION = YES;
				GCC_WARN_ABOUT_RETURN_TYPE = YES_ERROR;
				GCC_WARN_UNDECLARED_SELECTOR = YES;
				GCC_WARN_UNINITIALIZED_AUTOS = YES_AGGRESSIVE;
				GCC_WARN_UNUSED_FUNCTION = YES;
				GCC_WARN_UNUSED_VARIABLE = YES;
				IPHONEOS_DEPLOYMENT_TARGET = 11.0;
				MTL_ENABLE_DEBUG_INFO = INCLUDE_SOURCE;
				MTL_FAST_MATH = YES;
				ONLY_ACTIVE_ARCH = YES;
				SDKROOT = iphoneos;
				SWIFT_ACTIVE_COMPILATION_CONDITIONS = DEBUG;
				SWIFT_OPTIMIZATION_LEVEL = "-Onone";
			};
			name = Debug;
		};
		7C5D0062210889080025EF47 /* Release */ = {
			isa = XCBuildConfiguration;
			buildSettings = {
				ALWAYS_SEARCH_USER_PATHS = NO;
				CLANG_ANALYZER_NONNULL = YES;
				CLANG_ANALYZER_NUMBER_OBJECT_CONVERSION = YES_AGGRESSIVE;
				CLANG_CXX_LANGUAGE_STANDARD = "gnu++14";
				CLANG_CXX_LIBRARY = "libc++";
				CLANG_ENABLE_MODULES = YES;
				CLANG_ENABLE_OBJC_ARC = YES;
				CLANG_ENABLE_OBJC_WEAK = YES;
				CLANG_WARN_BLOCK_CAPTURE_AUTORELEASING = YES;
				CLANG_WARN_BOOL_CONVERSION = YES;
				CLANG_WARN_COMMA = YES;
				CLANG_WARN_CONSTANT_CONVERSION = YES;
				CLANG_WARN_DEPRECATED_OBJC_IMPLEMENTATIONS = YES;
				CLANG_WARN_DIRECT_OBJC_ISA_USAGE = YES_ERROR;
				CLANG_WARN_DOCUMENTATION_COMMENTS = YES;
				CLANG_WARN_EMPTY_BODY = YES;
				CLANG_WARN_ENUM_CONVERSION = YES;
				CLANG_WARN_INFINITE_RECURSION = YES;
				CLANG_WARN_INT_CONVERSION = YES;
				CLANG_WARN_NON_LITERAL_NULL_CONVERSION = YES;
				CLANG_WARN_OBJC_IMPLICIT_RETAIN_SELF = YES;
				CLANG_WARN_OBJC_LITERAL_CONVERSION = YES;
				CLANG_WARN_OBJC_ROOT_CLASS = YES_ERROR;
				CLANG_WARN_RANGE_LOOP_ANALYSIS = YES;
				CLANG_WARN_STRICT_PROTOTYPES = YES;
				CLANG_WARN_SUSPICIOUS_MOVE = YES;
				CLANG_WARN_UNGUARDED_AVAILABILITY = YES_AGGRESSIVE;
				CLANG_WARN_UNREACHABLE_CODE = YES;
				CLANG_WARN__DUPLICATE_METHOD_MATCH = YES;
				CODE_SIGN_IDENTITY = "iPhone Developer";
				COPY_PHASE_STRIP = NO;
				DEBUG_INFORMATION_FORMAT = "dwarf-with-dsym";
				ENABLE_NS_ASSERTIONS = NO;
				ENABLE_STRICT_OBJC_MSGSEND = YES;
				GCC_C_LANGUAGE_STANDARD = gnu11;
				GCC_NO_COMMON_BLOCKS = YES;
				GCC_WARN_64_TO_32_BIT_CONVERSION = YES;
				GCC_WARN_ABOUT_RETURN_TYPE = YES_ERROR;
				GCC_WARN_UNDECLARED_SELECTOR = YES;
				GCC_WARN_UNINITIALIZED_AUTOS = YES_AGGRESSIVE;
				GCC_WARN_UNUSED_FUNCTION = YES;
				GCC_WARN_UNUSED_VARIABLE = YES;
				IPHONEOS_DEPLOYMENT_TARGET = 11.0;
				MTL_ENABLE_DEBUG_INFO = NO;
				MTL_FAST_MATH = YES;
				SDKROOT = iphoneos;
				SWIFT_COMPILATION_MODE = wholemodule;
				SWIFT_OPTIMIZATION_LEVEL = "-O";
				VALIDATE_PRODUCT = YES;
			};
			name = Release;
		};
		7C5D0064210889080025EF47 /* Debug */ = {
			isa = XCBuildConfiguration;
			baseConfigurationReference = 306A93973DE71D1A5FEBF77B /* Pods-Corruga.debug.xcconfig */;
			buildSettings = {
				ASSETCATALOG_COMPILER_APPICON_NAME = AppIcon;
				CODE_SIGN_ENTITLEMENTS = Corruga.entitlements;
				CODE_SIGN_STYLE = Automatic;
				CURRENT_PROJECT_VERSION = 59;
				DEVELOPMENT_TEAM = ZA6S8VA4XW;
				INFOPLIST_FILE = corrugaApp/Info.plist;
				IPHONEOS_DEPLOYMENT_TARGET = 11.0;
				LD_RUNPATH_SEARCH_PATHS = (
					"$(inherited)",
					"@executable_path/Frameworks",
				);
				MARKETING_VERSION = 1.3;
				PRODUCT_BUNDLE_IDENTIFIER = com.naumenko.corruga;
				PRODUCT_NAME = "$(TARGET_NAME)";
				SUPPORTS_MACCATALYST = YES;
				SWIFT_OBJC_BRIDGING_HEADER = corrugaApp/corruga_bridging_header.h;
				SWIFT_VERSION = 5.0;
				TARGETED_DEVICE_FAMILY = "1,2";
			};
			name = Debug;
		};
		7C5D0065210889080025EF47 /* Release */ = {
			isa = XCBuildConfiguration;
			baseConfigurationReference = 9EA1BE279A8F14B1A1D1E275 /* Pods-Corruga.release.xcconfig */;
			buildSettings = {
				ASSETCATALOG_COMPILER_APPICON_NAME = AppIcon;
				CODE_SIGN_ENTITLEMENTS = Corruga.entitlements;
				CODE_SIGN_STYLE = Automatic;
				CURRENT_PROJECT_VERSION = 59;
				DEVELOPMENT_TEAM = ZA6S8VA4XW;
				INFOPLIST_FILE = corrugaApp/Info.plist;
				IPHONEOS_DEPLOYMENT_TARGET = 11.0;
				LD_RUNPATH_SEARCH_PATHS = (
					"$(inherited)",
					"@executable_path/Frameworks",
				);
				MARKETING_VERSION = 1.3;
				PRODUCT_BUNDLE_IDENTIFIER = com.naumenko.corruga;
				PRODUCT_NAME = "$(TARGET_NAME)";
				SUPPORTS_MACCATALYST = YES;
				SWIFT_OBJC_BRIDGING_HEADER = corrugaApp/corruga_bridging_header.h;
				SWIFT_VERSION = 5.0;
				TARGETED_DEVICE_FAMILY = "1,2";
			};
			name = Release;
		};
		7C5D0067210889080025EF47 /* Debug */ = {
			isa = XCBuildConfiguration;
			baseConfigurationReference = 4418B3CE00B3E53837CACDB2 /* Pods-CorrugaTests.debug.xcconfig */;
			buildSettings = {
				ALWAYS_EMBED_SWIFT_STANDARD_LIBRARIES = YES;
				BUNDLE_LOADER = "$(TEST_HOST)";
				CODE_SIGN_STYLE = Automatic;
				DEVELOPMENT_TEAM = ZA6S8VA4XW;
				INFOPLIST_FILE = corruDictTests/Info.plist;
				IPHONEOS_DEPLOYMENT_TARGET = 11.0;
				LD_RUNPATH_SEARCH_PATHS = (
					"$(inherited)",
					"@executable_path/Frameworks",
					"@loader_path/Frameworks",
				);
				PRODUCT_BUNDLE_IDENTIFIER = com.naumenko.corruDictTests;
				PRODUCT_NAME = "$(TARGET_NAME)";
				SWIFT_VERSION = 5.0;
				TARGETED_DEVICE_FAMILY = "1,2";
				TEST_HOST = "$(BUILT_PRODUCTS_DIR)/Corruga.app/Corruga";
			};
			name = Debug;
		};
		7C5D0068210889080025EF47 /* Release */ = {
			isa = XCBuildConfiguration;
			baseConfigurationReference = 646D76864E764D8B56345ACD /* Pods-CorrugaTests.release.xcconfig */;
			buildSettings = {
				ALWAYS_EMBED_SWIFT_STANDARD_LIBRARIES = YES;
				BUNDLE_LOADER = "$(TEST_HOST)";
				CODE_SIGN_STYLE = Automatic;
				DEVELOPMENT_TEAM = ZA6S8VA4XW;
				INFOPLIST_FILE = corruDictTests/Info.plist;
				IPHONEOS_DEPLOYMENT_TARGET = 11.0;
				LD_RUNPATH_SEARCH_PATHS = (
					"$(inherited)",
					"@executable_path/Frameworks",
					"@loader_path/Frameworks",
				);
				PRODUCT_BUNDLE_IDENTIFIER = com.naumenko.corruDictTests;
				PRODUCT_NAME = "$(TARGET_NAME)";
				SWIFT_VERSION = 5.0;
				TARGETED_DEVICE_FAMILY = "1,2";
				TEST_HOST = "$(BUILT_PRODUCTS_DIR)/Corruga.app/Corruga";
			};
			name = Release;
		};
/* End XCBuildConfiguration section */

/* Begin XCConfigurationList section */
		7C5D003F210889060025EF47 /* Build configuration list for PBXProject "Corruga" */ = {
			isa = XCConfigurationList;
			buildConfigurations = (
				7C5D0061210889080025EF47 /* Debug */,
				7C5D0062210889080025EF47 /* Release */,
			);
			defaultConfigurationIsVisible = 0;
			defaultConfigurationName = Release;
		};
		7C5D0063210889080025EF47 /* Build configuration list for PBXNativeTarget "Corruga" */ = {
			isa = XCConfigurationList;
			buildConfigurations = (
				7C5D0064210889080025EF47 /* Debug */,
				7C5D0065210889080025EF47 /* Release */,
			);
			defaultConfigurationIsVisible = 0;
			defaultConfigurationName = Release;
		};
		7C5D0066210889080025EF47 /* Build configuration list for PBXNativeTarget "CorrugaTests" */ = {
			isa = XCConfigurationList;
			buildConfigurations = (
				7C5D0067210889080025EF47 /* Debug */,
				7C5D0068210889080025EF47 /* Release */,
			);
			defaultConfigurationIsVisible = 0;
			defaultConfigurationName = Release;
		};
/* End XCConfigurationList section */
	};
	rootObject = 7C5D003C210889060025EF47 /* Project object */;
}
